
Microsoft Visual Studio Solution File, Format Version 12.00
# Visual Studio Version 17
VisualStudioVersion = 17.2.32526.322
MinimumVisualStudioVersion = 10.0.40219.1
Project("{FAE04EC0-301F-11D3-BF4B-00C04F79EFBC}") = "VersionControlDemo", "VersionControlDemo\VersionControlDemo.csproj", "{B61BF71B-647D-4150-870D-0CD5FD90624F}"
EndProject
Global
	GlobalSection(SolutionConfigurationPlatforms) = preSolution
		Debug|Any CPU = Debug|Any CPU
		Release|Any CPU = Release|Any CPU
	EndGlobalSection
	GlobalSection(ProjectConfigurationPlatforms) = postSolution
		{B61BF71B-647D-4150-870D-0CD5FD90624F}.Debug|Any CPU.ActiveCfg = Debug|Any CPU
		{B61BF71B-647D-4150-870D-0CD5FD90624F}.Debug|Any CPU.Build.0 = Debug|Any CPU
		{B61BF71B-647D-4150-870D-0CD5FD90624F}.Release|Any CPU.ActiveCfg = Release|Any CPU
		{B61BF71B-647D-4150-870D-0CD5FD90624F}.Release|Any CPU.Build.0 = Release|Any CPU
	EndGlobalSection
	GlobalSection(SolutionProperties) = preSolution
		HideSolutionNode = FALSE
	EndGlobalSection
	GlobalSection(ExtensibilityGlobals) = postSolution
		SolutionGuid = {A9C0BB3A-F18F-4021-8F13-219E348536FD}
	EndGlobalSection
EndGlobal
